{
  "name": "music-theory-anki-decks",
  "version": "1.0.0",
  "lockfileVersion": 2,
  "requires": true,
  "packages": {
    "": {
      "version": "1.0.0",
      "license": "ISC",
      "dependencies": {
        "@tonaljs/tonal": "^4.6.2",
        "fs-extra": "^10.0.0",
        "lodash": "^4.17.21"
      }
    },
    "node_modules/@tonaljs/abc-notation": {
      "version": "4.6.2",
      "resolved": "https://registry.npmjs.org/@tonaljs/abc-notation/-/abc-notation-4.6.2.tgz",
      "integrity": "sha512-3iezxfyzBVxNXFni1fXXYo35Kreie6GA7mT/vZozhlrovJODFubfA30jnhUx91R9yhPJxuuDpaD8qEEu87XOZQ==",
      "dependencies": {
        "@tonaljs/core": "^4.6.2"
      }
    },
    "node_modules/@tonaljs/array": {
      "version": "4.6.2",
      "resolved": "https://registry.npmjs.org/@tonaljs/array/-/array-4.6.2.tgz",
      "integrity": "sha512-uKjcleW2Nz5cP1tDUzLCTsJBUOoB/wZXZ/l6bakefGcM0jcb6pbzGqrCPMYsqW2AxMS0e7m+4V34vtTbJjivWw==",
      "dependencies": {
        "@tonaljs/core": "^4.6.2"
      }
    },
    "node_modules/@tonaljs/chord": {
      "version": "4.6.2",
      "resolved": "https://registry.npmjs.org/@tonaljs/chord/-/chord-4.6.2.tgz",
      "integrity": "sha512-jxiRktpKr2Xbjw7Q2Tddupu4IkxLRvDaA4zA+t/saXqc7LFNpcxDR9G71Dq+LalaIXs3QMPYE8yaCSEaJyZ/1g==",
      "dependencies": {
        "@tonaljs/chord-detect": "^4.6.2",
        "@tonaljs/chord-type": "^4.6.2",
        "@tonaljs/collection": "^4.6.2",
        "@tonaljs/core": "^4.6.2",
        "@tonaljs/pcset": "^4.6.2",
        "@tonaljs/scale-type": "^4.6.2"
      }
    },
    "node_modules/@tonaljs/chord-detect": {
      "version": "4.6.2",
      "resolved": "https://registry.npmjs.org/@tonaljs/chord-detect/-/chord-detect-4.6.2.tgz",
      "integrity": "sha512-id/VVEBDVL59DJ3VSu6BrhlJy7qpan4crJtVK/I28VgROwSbLiVXPI7+9UULksSN103NMbkM+ejCA6vbSEsOPw==",
      "dependencies": {
        "@tonaljs/chord-type": "^4.6.2",
        "@tonaljs/core": "^4.6.2",
        "@tonaljs/pcset": "^4.6.2"
      }
    },
    "node_modules/@tonaljs/chord-type": {
      "version": "4.6.2",
      "resolved": "https://registry.npmjs.org/@tonaljs/chord-type/-/chord-type-4.6.2.tgz",
      "integrity": "sha512-ricm5cbjEaEpWq2lEeDYh+5yC109vtmGlX03tvWUbMI1SeKzz/4Gz3ISkc52BfYl+q5yXZCWiRoj6AAE26milA==",
      "dependencies": {
        "@tonaljs/core": "^4.6.2",
        "@tonaljs/pcset": "^4.6.2"
      }
    },
    "node_modules/@tonaljs/collection": {
      "version": "4.6.2",
      "resolved": "https://registry.npmjs.org/@tonaljs/collection/-/collection-4.6.2.tgz",
      "integrity": "sha512-bfPCotLJNB/tG1NrdbsQPLDKZB5jlMs7uPQ6RYKiNkaena3345ZKkbCGl5pj6YTXeDm/oblXiSbFAn7SlLRZdQ=="
    },
    "node_modules/@tonaljs/core": {
      "version": "4.6.2",
      "resolved": "https://registry.npmjs.org/@tonaljs/core/-/core-4.6.2.tgz",
      "integrity": "sha512-OI2OnX+TZCUSxmkNFO3xhyOFXQwYcwtr/knmTqbbmBKTGQJ7DZlfHpZmMG9GcgGH+oBoXFU99o5+iGCi8AH1fw=="
    },
    "node_modules/@tonaljs/duration-value": {
      "version": "4.6.2",
      "resolved": "https://registry.npmjs.org/@tonaljs/duration-value/-/duration-value-4.6.2.tgz",
      "integrity": "sha512-zrXT0L/qsDQ6251Mlqz54vcUbYUB9xb6uJhlxUzc6VauXOt8UOfrdTULubRTXTaBwWt1h8J5n9pXTQmNGzNI9A=="
    },
    "node_modules/@tonaljs/interval": {
      "version": "4.6.2",
      "resolved": "https://registry.npmjs.org/@tonaljs/interval/-/interval-4.6.2.tgz",
      "integrity": "sha512-12WM2beATN8lW1gLS4cpV9VrrBg3StsyhD96cZPGt0jShKjJT/aJD+q+ju3Xuy8ckQx5XgTXdR1jm3kgS+YMRQ==",
      "dependencies": {
        "@tonaljs/core": "^4.6.2"
      }
    },
    "node_modules/@tonaljs/key": {
      "version": "4.6.2",
      "resolved": "https://registry.npmjs.org/@tonaljs/key/-/key-4.6.2.tgz",
      "integrity": "sha512-5wPc/zzCyEVY/jUj75cAx5izzHm+QaPoVh1fW3ee7LzRYMoefsM4GeT21bHUZIWp3DrXa+QkJKM59emvifM8Sw==",
      "dependencies": {
        "@tonaljs/core": "^4.6.2",
        "@tonaljs/note": "^4.6.2",
        "@tonaljs/roman-numeral": "^4.6.2"
      }
    },
    "node_modules/@tonaljs/midi": {
      "version": "4.6.2",
      "resolved": "https://registry.npmjs.org/@tonaljs/midi/-/midi-4.6.2.tgz",
      "integrity": "sha512-d+7t6mGGZseTkdzAkKLFugHM0fwCLguQqez1S3y2RuI973vpoEHKoIEVcSNCj2InS5xBod5+cLIDWObPJ7swGA==",
      "dependencies": {
        "@tonaljs/core": "^4.6.2"
      }
    },
    "node_modules/@tonaljs/mode": {
      "version": "4.6.2",
      "resolved": "https://registry.npmjs.org/@tonaljs/mode/-/mode-4.6.2.tgz",
      "integrity": "sha512-THd2Fde9PisqFaS8iUzA/ZT//s8/v7xec+1sYH8B7v/1KCCbPDBjDXxV4JB5PGQy7ymRMJ2x2ANONzGqHXc5Fg==",
      "dependencies": {
        "@tonaljs/collection": "^4.6.2",
        "@tonaljs/core": "^4.6.2",
        "@tonaljs/interval": "^4.6.2",
        "@tonaljs/pcset": "^4.6.2"
      }
    },
    "node_modules/@tonaljs/note": {
      "version": "4.6.2",
      "resolved": "https://registry.npmjs.org/@tonaljs/note/-/note-4.6.2.tgz",
      "integrity": "sha512-7eyx7vjGctLr0jHG0SVNo+9htL9SZAqrFpOZXk4N5fNmqvLU+Kz2ibXUHr60OIrNAkpYGfWf0dw7OIq2I6f8Pw==",
      "dependencies": {
        "@tonaljs/core": "^4.6.2",
        "@tonaljs/midi": "^4.6.2"
      }
    },
    "node_modules/@tonaljs/pcset": {
      "version": "4.6.2",
      "resolved": "https://registry.npmjs.org/@tonaljs/pcset/-/pcset-4.6.2.tgz",
      "integrity": "sha512-T1oCTXgEOJRdTL6G/JmE0Wg8JaAUMzJwGwowQktgivLO9b7srSymvjucOtMirAKy/E0PdGZoSRj1b5QfwBYvrw==",
      "dependencies": {
        "@tonaljs/collection": "^4.6.2",
        "@tonaljs/core": "^4.6.2"
      }
    },
    "node_modules/@tonaljs/progression": {
      "version": "4.6.2",
      "resolved": "https://registry.npmjs.org/@tonaljs/progression/-/progression-4.6.2.tgz",
      "integrity": "sha512-eiqpz/VPPJ+p73EVF3BqGRno7zKGxTcgQISO2zDksUDLI/dyqfByZy/6ZrIYNXAWwZfbQlSFglEjv3xpLIBB7g==",
      "dependencies": {
        "@tonaljs/chord": "^4.6.2",
        "@tonaljs/core": "^4.6.2",
        "@tonaljs/roman-numeral": "^4.6.2"
      }
    },
    "node_modules/@tonaljs/range": {
      "version": "4.6.2",
      "resolved": "https://registry.npmjs.org/@tonaljs/range/-/range-4.6.2.tgz",
      "integrity": "sha512-oZERF75aNrZ5H+agRCTMCBZYzYeQ0IkO1dSeWd1CRIUWbBSHwh/1uu0aIDFeUWkpK2MZz6NCklVhEPkqorsETw==",
      "dependencies": {
        "@tonaljs/collection": "^4.6.2",
        "@tonaljs/midi": "^4.6.2"
      }
    },
    "node_modules/@tonaljs/roman-numeral": {
      "version": "4.6.2",
      "resolved": "https://registry.npmjs.org/@tonaljs/roman-numeral/-/roman-numeral-4.6.2.tgz",
      "integrity": "sha512-3vtlkEQJwLWdfJxVo2rzgz8kE9dCb2E2lAvduwTmJP9lJWPGGsnQv57dU1eR5uuANm905ttKxlrhLO+QteEGQw==",
      "dependencies": {
        "@tonaljs/core": "^4.6.2"
      }
    },
    "node_modules/@tonaljs/scale": {
      "version": "4.6.2",
      "resolved": "https://registry.npmjs.org/@tonaljs/scale/-/scale-4.6.2.tgz",
      "integrity": "sha512-WyHm/TD6Nwx1mc/dwDK2V31cd+IkHsGbAKLHetx6rXzHdKQm2NZWANMx8qsKNdBcAhgXcS60sSb/scDU79dpDQ==",
      "dependencies": {
        "@tonaljs/chord-type": "^4.6.2",
        "@tonaljs/collection": "^4.6.2",
        "@tonaljs/core": "^4.6.2",
        "@tonaljs/note": "^4.6.2",
        "@tonaljs/pcset": "^4.6.2",
        "@tonaljs/scale-type": "^4.6.2"
      }
    },
    "node_modules/@tonaljs/scale-type": {
      "version": "4.6.2",
      "resolved": "https://registry.npmjs.org/@tonaljs/scale-type/-/scale-type-4.6.2.tgz",
      "integrity": "sha512-l2BeGUU1e03AZjFylNvGhXQTANKNy6+DCnZsF8T2n1Szul/v+byuHNjYyOMBFWN45/0aD+S6qpkA2NT0ysMj2A==",
      "dependencies": {
        "@tonaljs/core": "^4.6.2",
        "@tonaljs/pcset": "^4.6.2"
      }
    },
    "node_modules/@tonaljs/time-signature": {
      "version": "4.6.2",
      "resolved": "https://registry.npmjs.org/@tonaljs/time-signature/-/time-signature-4.6.2.tgz",
      "integrity": "sha512-OlZY4gdLd21WpMeAI1nS9E9zWcYU6oAzh6ptAUndqmVnFIrIWIWKCkWapdFx8dWdqrX8jqya3m4T33wmeo7w5Q=="
    },
    "node_modules/@tonaljs/tonal": {
      "version": "4.6.2",
      "resolved": "https://registry.npmjs.org/@tonaljs/tonal/-/tonal-4.6.2.tgz",
      "integrity": "sha512-gxmZfw07QJIccuRSdFBDj56DQ7E3jjIz9bNPbOGih4Vr1Zc/OwIFAlw9tPd9VRo+wFaNGAbHWDvkJbjkW/CRMA==",
      "dependencies": {
        "@tonaljs/abc-notation": "^4.6.2",
        "@tonaljs/array": "^4.6.2",
        "@tonaljs/chord": "^4.6.2",
        "@tonaljs/chord-type": "^4.6.2",
        "@tonaljs/collection": "^4.6.2",
        "@tonaljs/core": "^4.6.2",
        "@tonaljs/duration-value": "^4.6.2",
        "@tonaljs/interval": "^4.6.2",
        "@tonaljs/key": "^4.6.2",
        "@tonaljs/midi": "^4.6.2",
        "@tonaljs/mode": "^4.6.2",
        "@tonaljs/note": "^4.6.2",
        "@tonaljs/pcset": "^4.6.2",
        "@tonaljs/progression": "^4.6.2",
        "@tonaljs/range": "^4.6.2",
        "@tonaljs/roman-numeral": "^4.6.2",
        "@tonaljs/scale": "^4.6.2",
        "@tonaljs/scale-type": "^4.6.2",
        "@tonaljs/time-signature": "^4.6.2"
      }
    },
    "node_modules/fs-extra": {
      "version": "10.0.0",
      "resolved": "https://registry.npmjs.org/fs-extra/-/fs-extra-10.0.0.tgz",
      "integrity": "sha512-C5owb14u9eJwizKGdchcDUQeFtlSHHthBk8pbX9Vc1PFZrLombudjDnNns88aYslCyF6IY5SUw3Roz6xShcEIQ==",
      "dependencies": {
        "graceful-fs": "^4.2.0",
        "jsonfile": "^6.0.1",
        "universalify": "^2.0.0"
      },
      "engines": {
        "node": ">=12"
      }
    },
    "node_modules/graceful-fs": {
      "version": "4.2.8",
      "resolved": "https://registry.npmjs.org/graceful-fs/-/graceful-fs-4.2.8.tgz",
      "integrity": "sha512-qkIilPUYcNhJpd33n0GBXTB1MMPp14TxEsEs0pTrsSVucApsYzW5V+Q8Qxhik6KU3evy+qkAAowTByymK0avdg=="
    },
    "node_modules/jsonfile": {
      "version": "6.1.0",
      "resolved": "https://registry.npmjs.org/jsonfile/-/jsonfile-6.1.0.tgz",
      "integrity": "sha512-5dgndWOriYSm5cnYaJNhalLNDKOqFwyDB/rr1E9ZsGciGvKPs8R2xYGCacuf3z6K1YKDz182fd+fY3cn3pMqXQ==",
      "dependencies": {
        "universalify": "^2.0.0"
      },
      "optionalDependencies": {
        "graceful-fs": "^4.1.6"
      }
    },
    "node_modules/lodash": {
      "version": "4.17.21",
      "resolved": "https://registry.npmjs.org/lodash/-/lodash-4.17.21.tgz",
      "integrity": "sha512-v2kDEe57lecTulaDIuNTPy3Ry4gLGJ6Z1O3vE1krgXZNrsQ+LFTGHVxVjcXPs17LhbZVGedAJv8XZ1tvj5FvSg=="
    },
    "node_modules/universalify": {
      "version": "2.0.0",
      "resolved": "https://registry.npmjs.org/universalify/-/universalify-2.0.0.tgz",
      "integrity": "sha512-hAZsKq7Yy11Zu1DE0OzWjw7nnLZmJZYTDZZyEFHZdUhV8FkH5MCfoU1XMaxXovpyW5nq5scPqq0ZDP9Zyl04oQ==",
      "engines": {
        "node": ">= 10.0.0"
      }
    }
  },
  "dependencies": {
    "@tonaljs/abc-notation": {
      "version": "4.6.2",
      "resolved": "https://registry.npmjs.org/@tonaljs/abc-notation/-/abc-notation-4.6.2.tgz",
      "integrity": "sha512-3iezxfyzBVxNXFni1fXXYo35Kreie6GA7mT/vZozhlrovJODFubfA30jnhUx91R9yhPJxuuDpaD8qEEu87XOZQ==",
      "requires": {
        "@tonaljs/core": "^4.6.2"
      }
    },
    "@tonaljs/array": {
      "version": "4.6.2",
      "resolved": "https://registry.npmjs.org/@tonaljs/array/-/array-4.6.2.tgz",
      "integrity": "sha512-uKjcleW2Nz5cP1tDUzLCTsJBUOoB/wZXZ/l6bakefGcM0jcb6pbzGqrCPMYsqW2AxMS0e7m+4V34vtTbJjivWw==",
      "requires": {
        "@tonaljs/core": "^4.6.2"
      }
    },
    "@tonaljs/chord": {
      "version": "4.6.2",
      "resolved": "https://registry.npmjs.org/@tonaljs/chord/-/chord-4.6.2.tgz",
      "integrity": "sha512-jxiRktpKr2Xbjw7Q2Tddupu4IkxLRvDaA4zA+t/saXqc7LFNpcxDR9G71Dq+LalaIXs3QMPYE8yaCSEaJyZ/1g==",
      "requires": {
        "@tonaljs/chord-detect": "^4.6.2",
        "@tonaljs/chord-type": "^4.6.2",
        "@tonaljs/collection": "^4.6.2",
        "@tonaljs/core": "^4.6.2",
        "@tonaljs/pcset": "^4.6.2",
        "@tonaljs/scale-type": "^4.6.2"
      }
    },
    "@tonaljs/chord-detect": {
      "version": "4.6.2",
      "resolved": "https://registry.npmjs.org/@tonaljs/chord-detect/-/chord-detect-4.6.2.tgz",
      "integrity": "sha512-id/VVEBDVL59DJ3VSu6BrhlJy7qpan4crJtVK/I28VgROwSbLiVXPI7+9UULksSN103NMbkM+ejCA6vbSEsOPw==",
      "requires": {
        "@tonaljs/chord-type": "^4.6.2",
        "@tonaljs/core": "^4.6.2",
        "@tonaljs/pcset": "^4.6.2"
      }
    },
    "@tonaljs/chord-type": {
      "version": "4.6.2",
      "resolved": "https://registry.npmjs.org/@tonaljs/chord-type/-/chord-type-4.6.2.tgz",
      "integrity": "sha512-ricm5cbjEaEpWq2lEeDYh+5yC109vtmGlX03tvWUbMI1SeKzz/4Gz3ISkc52BfYl+q5yXZCWiRoj6AAE26milA==",
      "requires": {
        "@tonaljs/core": "^4.6.2",
        "@tonaljs/pcset": "^4.6.2"
      }
    },
    "@tonaljs/collection": {
      "version": "4.6.2",
      "resolved": "https://registry.npmjs.org/@tonaljs/collection/-/collection-4.6.2.tgz",
      "integrity": "sha512-bfPCotLJNB/tG1NrdbsQPLDKZB5jlMs7uPQ6RYKiNkaena3345ZKkbCGl5pj6YTXeDm/oblXiSbFAn7SlLRZdQ=="
    },
    "@tonaljs/core": {
      "version": "4.6.2",
      "resolved": "https://registry.npmjs.org/@tonaljs/core/-/core-4.6.2.tgz",
      "integrity": "sha512-OI2OnX+TZCUSxmkNFO3xhyOFXQwYcwtr/knmTqbbmBKTGQJ7DZlfHpZmMG9GcgGH+oBoXFU99o5+iGCi8AH1fw=="
    },
    "@tonaljs/duration-value": {
      "version": "4.6.2",
      "resolved": "https://registry.npmjs.org/@tonaljs/duration-value/-/duration-value-4.6.2.tgz",
      "integrity": "sha512-zrXT0L/qsDQ6251Mlqz54vcUbYUB9xb6uJhlxUzc6VauXOt8UOfrdTULubRTXTaBwWt1h8J5n9pXTQmNGzNI9A=="
    },
    "@tonaljs/interval": {
      "version": "4.6.2",
      "resolved": "https://registry.npmjs.org/@tonaljs/interval/-/interval-4.6.2.tgz",
      "integrity": "sha512-12WM2beATN8lW1gLS4cpV9VrrBg3StsyhD96cZPGt0jShKjJT/aJD+q+ju3Xuy8ckQx5XgTXdR1jm3kgS+YMRQ==",
      "requires": {
        "@tonaljs/core": "^4.6.2"
      }
    },
    "@tonaljs/key": {
      "version": "4.6.2",
      "resolved": "https://registry.npmjs.org/@tonaljs/key/-/key-4.6.2.tgz",
      "integrity": "sha512-5wPc/zzCyEVY/jUj75cAx5izzHm+QaPoVh1fW3ee7LzRYMoefsM4GeT21bHUZIWp3DrXa+QkJKM59emvifM8Sw==",
      "requires": {
        "@tonaljs/core": "^4.6.2",
        "@tonaljs/note": "^4.6.2",
        "@tonaljs/roman-numeral": "^4.6.2"
      }
    },
    "@tonaljs/midi": {
      "version": "4.6.2",
      "resolved": "https://registry.npmjs.org/@tonaljs/midi/-/midi-4.6.2.tgz",
      "integrity": "sha512-d+7t6mGGZseTkdzAkKLFugHM0fwCLguQqez1S3y2RuI973vpoEHKoIEVcSNCj2InS5xBod5+cLIDWObPJ7swGA==",
      "requires": {
        "@tonaljs/core": "^4.6.2"
      }
    },
    "@tonaljs/mode": {
      "version": "4.6.2",
      "resolved": "https://registry.npmjs.org/@tonaljs/mode/-/mode-4.6.2.tgz",
      "integrity": "sha512-THd2Fde9PisqFaS8iUzA/ZT//s8/v7xec+1sYH8B7v/1KCCbPDBjDXxV4JB5PGQy7ymRMJ2x2ANONzGqHXc5Fg==",
      "requires": {
        "@tonaljs/collection": "^4.6.2",
        "@tonaljs/core": "^4.6.2",
        "@tonaljs/interval": "^4.6.2",
        "@tonaljs/pcset": "^4.6.2"
      }
    },
    "@tonaljs/note": {
      "version": "4.6.2",
      "resolved": "https://registry.npmjs.org/@tonaljs/note/-/note-4.6.2.tgz",
      "integrity": "sha512-7eyx7vjGctLr0jHG0SVNo+9htL9SZAqrFpOZXk4N5fNmqvLU+Kz2ibXUHr60OIrNAkpYGfWf0dw7OIq2I6f8Pw==",
      "requires": {
        "@tonaljs/core": "^4.6.2",
        "@tonaljs/midi": "^4.6.2"
      }
    },
    "@tonaljs/pcset": {
      "version": "4.6.2",
      "resolved": "https://registry.npmjs.org/@tonaljs/pcset/-/pcset-4.6.2.tgz",
      "integrity": "sha512-T1oCTXgEOJRdTL6G/JmE0Wg8JaAUMzJwGwowQktgivLO9b7srSymvjucOtMirAKy/E0PdGZoSRj1b5QfwBYvrw==",
      "requires": {
        "@tonaljs/collection": "^4.6.2",
        "@tonaljs/core": "^4.6.2"
      }
    },
    "@tonaljs/progression": {
      "version": "4.6.2",
      "resolved": "https://registry.npmjs.org/@tonaljs/progression/-/progression-4.6.2.tgz",
      "integrity": "sha512-eiqpz/VPPJ+p73EVF3BqGRno7zKGxTcgQISO2zDksUDLI/dyqfByZy/6ZrIYNXAWwZfbQlSFglEjv3xpLIBB7g==",
      "requires": {
        "@tonaljs/chord": "^4.6.2",
        "@tonaljs/core": "^4.6.2",
        "@tonaljs/roman-numeral": "^4.6.2"
      }
    },
    "@tonaljs/range": {
      "version": "4.6.2",
      "resolved": "https://registry.npmjs.org/@tonaljs/range/-/range-4.6.2.tgz",
      "integrity": "sha512-oZERF75aNrZ5H+agRCTMCBZYzYeQ0IkO1dSeWd1CRIUWbBSHwh/1uu0aIDFeUWkpK2MZz6NCklVhEPkqorsETw==",
      "requires": {
        "@tonaljs/collection": "^4.6.2",
        "@tonaljs/midi": "^4.6.2"
      }
    },
    "@tonaljs/roman-numeral": {
      "version": "4.6.2",
      "resolved": "https://registry.npmjs.org/@tonaljs/roman-numeral/-/roman-numeral-4.6.2.tgz",
      "integrity": "sha512-3vtlkEQJwLWdfJxVo2rzgz8kE9dCb2E2lAvduwTmJP9lJWPGGsnQv57dU1eR5uuANm905ttKxlrhLO+QteEGQw==",
      "requires": {
        "@tonaljs/core": "^4.6.2"
      }
    },
    "@tonaljs/scale": {
      "version": "4.6.2",
      "resolved": "https://registry.npmjs.org/@tonaljs/scale/-/scale-4.6.2.tgz",
      "integrity": "sha512-WyHm/TD6Nwx1mc/dwDK2V31cd+IkHsGbAKLHetx6rXzHdKQm2NZWANMx8qsKNdBcAhgXcS60sSb/scDU79dpDQ==",
      "requires": {
        "@tonaljs/chord-type": "^4.6.2",
        "@tonaljs/collection": "^4.6.2",
        "@tonaljs/core": "^4.6.2",
        "@tonaljs/note": "^4.6.2",
        "@tonaljs/pcset": "^4.6.2",
        "@tonaljs/scale-type": "^4.6.2"
      }
    },
    "@tonaljs/scale-type": {
      "version": "4.6.2",
      "resolved": "https://registry.npmjs.org/@tonaljs/scale-type/-/scale-type-4.6.2.tgz",
      "integrity": "sha512-l2BeGUU1e03AZjFylNvGhXQTANKNy6+DCnZsF8T2n1Szul/v+byuHNjYyOMBFWN45/0aD+S6qpkA2NT0ysMj2A==",
      "requires": {
        "@tonaljs/core": "^4.6.2",
        "@tonaljs/pcset": "^4.6.2"
      }
    },
    "@tonaljs/time-signature": {
      "version": "4.6.2",
      "resolved": "https://registry.npmjs.org/@tonaljs/time-signature/-/time-signature-4.6.2.tgz",
      "integrity": "sha512-OlZY4gdLd21WpMeAI1nS9E9zWcYU6oAzh6ptAUndqmVnFIrIWIWKCkWapdFx8dWdqrX8jqya3m4T33wmeo7w5Q=="
    },
    "@tonaljs/tonal": {
      "version": "4.6.2",
      "resolved": "https://registry.npmjs.org/@tonaljs/tonal/-/tonal-4.6.2.tgz",
      "integrity": "sha512-gxmZfw07QJIccuRSdFBDj56DQ7E3jjIz9bNPbOGih4Vr1Zc/OwIFAlw9tPd9VRo+wFaNGAbHWDvkJbjkW/CRMA==",
      "requires": {
        "@tonaljs/abc-notation": "^4.6.2",
        "@tonaljs/array": "^4.6.2",
        "@tonaljs/chord": "^4.6.2",
        "@tonaljs/chord-type": "^4.6.2",
        "@tonaljs/collection": "^4.6.2",
        "@tonaljs/core": "^4.6.2",
        "@tonaljs/duration-value": "^4.6.2",
        "@tonaljs/interval": "^4.6.2",
        "@tonaljs/key": "^4.6.2",
        "@tonaljs/midi": "^4.6.2",
        "@tonaljs/mode": "^4.6.2",
        "@tonaljs/note": "^4.6.2",
        "@tonaljs/pcset": "^4.6.2",
        "@tonaljs/progression": "^4.6.2",
        "@tonaljs/range": "^4.6.2",
        "@tonaljs/roman-numeral": "^4.6.2",
        "@tonaljs/scale": "^4.6.2",
        "@tonaljs/scale-type": "^4.6.2",
        "@tonaljs/time-signature": "^4.6.2"
      }
    },
    "fs-extra": {
      "version": "10.0.0",
      "resolved": "https://registry.npmjs.org/fs-extra/-/fs-extra-10.0.0.tgz",
      "integrity": "sha512-C5owb14u9eJwizKGdchcDUQeFtlSHHthBk8pbX9Vc1PFZrLombudjDnNns88aYslCyF6IY5SUw3Roz6xShcEIQ==",
      "requires": {
        "graceful-fs": "^4.2.0",
        "jsonfile": "^6.0.1",
        "universalify": "^2.0.0"
      }
    },
    "graceful-fs": {
      "version": "4.2.8",
      "resolved": "https://registry.npmjs.org/graceful-fs/-/graceful-fs-4.2.8.tgz",
      "integrity": "sha512-qkIilPUYcNhJpd33n0GBXTB1MMPp14TxEsEs0pTrsSVucApsYzW5V+Q8Qxhik6KU3evy+qkAAowTByymK0avdg=="
    },
    "jsonfile": {
      "version": "6.1.0",
      "resolved": "https://registry.npmjs.org/jsonfile/-/jsonfile-6.1.0.tgz",
      "integrity": "sha512-5dgndWOriYSm5cnYaJNhalLNDKOqFwyDB/rr1E9ZsGciGvKPs8R2xYGCacuf3z6K1YKDz182fd+fY3cn3pMqXQ==",
      "requires": {
        "graceful-fs": "^4.1.6",
        "universalify": "^2.0.0"
      }
    },
    "lodash": {
      "version": "4.17.21",
      "resolved": "https://registry.npmjs.org/lodash/-/lodash-4.17.21.tgz",
      "integrity": "sha512-v2kDEe57lecTulaDIuNTPy3Ry4gLGJ6Z1O3vE1krgXZNrsQ+LFTGHVxVjcXPs17LhbZVGedAJv8XZ1tvj5FvSg=="
    },
    "universalify": {
      "version": "2.0.0",
      "resolved": "https://registry.npmjs.org/universalify/-/universalify-2.0.0.tgz",
      "integrity": "sha512-hAZsKq7Yy11Zu1DE0OzWjw7nnLZmJZYTDZZyEFHZdUhV8FkH5MCfoU1XMaxXovpyW5nq5scPqq0ZDP9Zyl04oQ=="
    }
  }
}
